// !$*UTF8*$!
{
	archiveVersion = 1;
	classes = {
	};
	objectVersion = 46;
	objects = {

/* Begin PBXBuildFile section */
		A47862361B55596500DEDAF8 /* AppDelegate.swift in Sources */ = {isa = PBXBuildFile; fileRef = A47862351B55596500DEDAF8 /* AppDelegate.swift */; };
		A47862381B55596500DEDAF8 /* ViewController.swift in Sources */ = {isa = PBXBuildFile; fileRef = A47862371B55596500DEDAF8 /* ViewController.swift */; };
		A478623B1B55596500DEDAF8 /* Main.storyboard in Resources */ = {isa = PBXBuildFile; fileRef = A47862391B55596500DEDAF8 /* Main.storyboard */; };
		A478623D1B55596500DEDAF8 /* Images.xcassets in Resources */ = {isa = PBXBuildFile; fileRef = A478623C1B55596500DEDAF8 /* Images.xcassets */; };
		A47862401B55596500DEDAF8 /* LaunchScreen.xib in Resources */ = {isa = PBXBuildFile; fileRef = A478623E1B55596500DEDAF8 /* LaunchScreen.xib */; };
		A478624C1B55596500DEDAF8 /* EchoTests.swift in Sources */ = {isa = PBXBuildFile; fileRef = A478624B1B55596500DEDAF8 /* EchoTests.swift */; };
/* End PBXBuildFile section */

/* Begin PBXContainerItemProxy section */
		A47862461B55596500DEDAF8 /* PBXContainerItemProxy */ = {
			isa = PBXContainerItemProxy;
			containerPortal = A47862281B55596500DEDAF8 /* Project object */;
			proxyType = 1;
			remoteGlobalIDString = A478622F1B55596500DEDAF8;
			remoteInfo = Echo;
		};
/* End PBXContainerItemProxy section */

/* Begin PBXFileReference section */
		A47862301B55596500DEDAF8 /* Echo.app */ = {isa = PBXFileReference; explicitFileType = wrapper.application; includeInIndex = 0; path = Echo.app; sourceTree = BUILT_PRODUCTS_DIR; };
		A47862341B55596500DEDAF8 /* Info.plist */ = {isa = PBXFileReference; lastKnownFileType = text.plist.xml; path = Info.plist; sourceTree = "<group>"; };
		A47862351B55596500DEDAF8 /* AppDelegate.swift */ = {isa = PBXFileReference; lastKnownFileType = sourcecode.swift; path = AppDelegate.swift; sourceTree = "<group>"; };
		A47862371B55596500DEDAF8 /* ViewController.swift */ = {isa = PBXFileReference; lastKnownFileType = sourcecode.swift; path = ViewController.swift; sourceTree = "<group>"; };
		A478623A1B55596500DEDAF8 /* Base */ = {isa = PBXFileReference; lastKnownFileType = file.storyboard; name = Base; path = Base.lproj/Main.storyboard; sourceTree = "<group>"; };
		A478623C1B55596500DEDAF8 /* Images.xcassets */ = {isa = PBXFileReference; lastKnownFileType = folder.assetcatalog; path = Images.xcassets; sourceTree = "<group>"; };
		A478623F1B55596500DEDAF8 /* Base */ = {isa = PBXFileReference; lastKnownFileType = file.xib; name = Base; path = Base.lproj/LaunchScreen.xib; sourceTree = "<group>"; };
		A47862451B55596500DEDAF8 /* EchoTests.xctest */ = {isa = PBXFileReference; explicitFileType = wrapper.cfbundle; includeInIndex = 0; path = EchoTests.xctest; sourceTree = BUILT_PRODUCTS_DIR; };
		A478624A1B55596500DEDAF8 /* Info.plist */ = {isa = PBXFileReference; lastKnownFileType = text.plist.xml; path = Info.plist; sourceTree = "<group>"; };
		A478624B1B55596500DEDAF8 /* EchoTests.swift */ = {isa = PBXFileReference; lastKnownFileType = sourcecode.swift; path = EchoTests.swift; sourceTree = "<group>"; };
/* End PBXFileReference section */

/* Begin PBXFrameworksBuildPhase section */
		A478622D1B55596500DEDAF8 /* Frameworks */ = {
			isa = PBXFrameworksBuildPhase;
			buildActionMask = 2147483647;
			files = (
			);
			runOnlyForDeploymentPostprocessing = 0;
		};
		A47862421B55596500DEDAF8 /* Frameworks */ = {
			isa = PBXFrameworksBuildPhase;
			buildActionMask = 2147483647;
			files = (
			);
			runOnlyForDeploymentPostprocessing = 0;
		};
/* End PBXFrameworksBuildPhase section */

/* Begin PBXGroup section */
		A47862271B55596500DEDAF8 = {
			isa = PBXGroup;
			children = (
				A47862321B55596500DEDAF8 /* Echo */,
				A47862481B55596500DEDAF8 /* EchoTests */,
				A47862311B55596500DEDAF8 /* Products */,
			);
			sourceTree = "<group>";
		};
		A47862311B55596500DEDAF8 /* Products */ = {
			isa = PBXGroup;
			children = (
				A47862301B55596500DEDAF8 /* Echo.app */,
				A47862451B55596500DEDAF8 /* EchoTests.xctest */,
			);
			name = Products;
			sourceTree = "<group>";
		};
		A47862321B55596500DEDAF8 /* Echo */ = {
			isa = PBXGroup;
			children = (
				A47862351B55596500DEDAF8 /* AppDelegate.swift */,
				A47862371B55596500DEDAF8 /* ViewController.swift */,
				A47862391B55596500DEDAF8 /* Main.storyboard */,
				A478623C1B55596500DEDAF8 /* Images.xcassets */,
				A478623E1B55596500DEDAF8 /* LaunchScreen.xib */,
				A47862331B55596500DEDAF8 /* Supporting Files */,
			);
			path = Echo;
			sourceTree = "<group>";
		};
		A47862331B55596500DEDAF8 /* Supporting Files */ = {
			isa = PBXGroup;
			children = (
				A47862341B55596500DEDAF8 /* Info.plist */,
			);
			name = "Supporting Files";
			sourceTree = "<group>";
		};
		A47862481B55596500DEDAF8 /* EchoTests */ = {
			isa = PBXGroup;
			children = (
				A478624B1B55596500DEDAF8 /* EchoTests.swift */,
				A47862491B55596500DEDAF8 /* Supporting Files */,
			);
			path = EchoTests;
			sourceTree = "<group>";
		};
		A47862491B55596500DEDAF8 /* Supporting Files */ = {
			isa = PBXGroup;
			children = (
				A478624A1B55596500DEDAF8 /* Info.plist */,
			);
			name = "Supporting Files";
			sourceTree = "<group>";
		};
/* End PBXGroup section */

/* Begin PBXNativeTarget section */
		A478622F1B55596500DEDAF8 /* Echo */ = {
			isa = PBXNativeTarget;
			buildConfigurationList = A478624F1B55596500DEDAF8 /* Build configuration list for PBXNativeTarget "Echo" */;
			buildPhases = (
				A478622C1B55596500DEDAF8 /* Sources */,
				A478622D1B55596500DEDAF8 /* Frameworks */,
				A478622E1B55596500DEDAF8 /* Resources */,
			);
			buildRules = (
			);
			dependencies = (
			);
			name = Echo;
			productName = Echo;
			productReference = A47862301B55596500DEDAF8 /* Echo.app */;
			productType = "com.apple.product-type.application";
		};
		A47862441B55596500DEDAF8 /* EchoTests */ = {
			isa = PBXNativeTarget;
			buildConfigurationList = A47862521B55596500DEDAF8 /* Build configuration list for PBXNativeTarget "EchoTests" */;
			buildPhases = (
				A47862411B55596500DEDAF8 /* Sources */,
				A47862421B55596500DEDAF8 /* Frameworks */,
				A47862431B55596500DEDAF8 /* Resources */,
			);
			buildRules = (
			);
			dependencies = (
				A47862471B55596500DEDAF8 /* PBXTargetDependency */,
			);
			name = EchoTests;
			productName = EchoTests;
			productReference = A47862451B55596500DEDAF8 /* EchoTests.xctest */;
			productType = "com.apple.product-type.bundle.unit-test";
		};
/* End PBXNativeTarget section */

/* Begin PBXProject section */
		A47862281B55596500DEDAF8 /* Project object */ = {
			isa = PBXProject;
			attributes = {
				LastSwiftMigration = 0720;
				LastSwiftUpdateCheck = 0720;
				LastUpgradeCheck = 0640;
				ORGANIZATIONNAME = "Nir Berman";
				TargetAttributes = {
					A478622F1B55596500DEDAF8 = {
						CreatedOnToolsVersion = 6.4;
					};
					A47862441B55596500DEDAF8 = {
						CreatedOnToolsVersion = 6.4;
						TestTargetID = A478622F1B55596500DEDAF8;
					};
				};
			};
			buildConfigurationList = A478622B1B55596500DEDAF8 /* Build configuration list for PBXProject "Echo" */;
			compatibilityVersion = "Xcode 3.2";
			developmentRegion = English;
			hasScannedForEncodings = 0;
			knownRegions = (
				en,
				Base,
			);
			mainGroup = A47862271B55596500DEDAF8;
			productRefGroup = A47862311B55596500DEDAF8 /* Products */;
			projectDirPath = "";
			projectRoot = "";
			targets = (
				A478622F1B55596500DEDAF8 /* Echo */,
				A47862441B55596500DEDAF8 /* EchoTests */,
			);
		};
/* End PBXProject section */

/* Begin PBXResourcesBuildPhase section */
		A478622E1B55596500DEDAF8 /* Resources */ = {
			isa = PBXResourcesBuildPhase;
			buildActionMask = 2147483647;
			files = (
				A478623B1B55596500DEDAF8 /* Main.storyboard in Resources */,
				A47862401B55596500DEDAF8 /* LaunchScreen.xib in Resources */,
				A478623D1B55596500DEDAF8 /* Images.xcassets in Resources */,
			);
			runOnlyForDeploymentPostprocessing = 0;
		};
		A47862431B55596500DEDAF8 /* Resources */ = {
			isa = PBXResourcesBuildPhase;
			buildActionMask = 2147483647;
			files = (
			);
			runOnlyForDeploymentPostprocessing = 0;
		};
/* End PBXResourcesBuildPhase section */

/* Begin PBXSourcesBuildPhase section */
		A478622C1B55596500DEDAF8 /* Sources */ = {
			isa = PBXSourcesBuildPhase;
			buildActionMask = 2147483647;
			files = (
				A47862381B55596500DEDAF8 /* ViewController.swift in Sources */,
				A47862361B55596500DEDAF8 /* AppDelegate.swift in Sources */,
			);
			runOnlyForDeploymentPostprocessing = 0;
		};
		A47862411B55596500DEDAF8 /* Sources */ = {
			isa = PBXSourcesBuildPhase;
			buildActionMask = 2147483647;
			files = (
				A478624C1B55596500DEDAF8 /* EchoTests.swift in Sources */,
			);
			runOnlyForDeploymentPostprocessing = 0;
		};
/* End PBXSourcesBuildPhase section */

/* Begin PBXTargetDependency section */
		A47862471B55596500DEDAF8 /* PBXTargetDependency */ = {
			isa = PBXTargetDependency;
			target = A478622F1B55596500DEDAF8 /* Echo */;
			targetProxy = A47862461B55596500DEDAF8 /* PBXContainerItemProxy */;
		};
/* End PBXTargetDependency section */

/* Begin PBXVariantGroup section */
		A47862391B55596500DEDAF8 /* Main.storyboard */ = {
			isa = PBXVariantGroup;
			children = (
				A478623A1B55596500DEDAF8 /* Base */,
			);
			name = Main.storyboard;
			sourceTree = "<group>";
		};
		A478623E1B55596500DEDAF8 /* LaunchScreen.xib */ = {
			isa = PBXVariantGroup;
			children = (
				A478623F1B55596500DEDAF8 /* Base */,
			);
			name = LaunchScreen.xib;
			sourceTree = "<group>";
		};
/* End PBXVariantGroup section */

/* Begin XCBuildConfiguration section */
		A478624D1B55596500DEDAF8 /* Debug */ = {
			isa = XCBuildConfiguration;
			buildSettings = {
				ALWAYS_SEARCH_USER_PATHS = NO;
				CLANG_CXX_LANGUAGE_STANDARD = "gnu++0x";
				CLANG_CXX_LIBRARY = "libc++";
				CLANG_ENABLE_MODULES = YES;
				CLANG_ENABLE_OBJC_ARC = YES;
				CLANG_WARN_BOOL_CONVERSION = YES;
				CLANG_WARN_CONSTANT_CONVERSION = YES;
				CLANG_WARN_DIRECT_OBJC_ISA_USAGE = YES_ERROR;
				CLANG_WARN_EMPTY_BODY = YES;
				CLANG_WARN_ENUM_CONVERSION = YES;
				CLANG_WARN_INT_CONVERSION = YES;
				CLANG_WARN_OBJC_ROOT_CLASS = YES_ERROR;
				CLANG_WARN_UNREACHABLE_CODE = YES;
				CLANG_WARN__DUPLICATE_METHOD_MATCH = YES;
				"CODE_SIGN_IDENTITY[sdk=iphoneos*]" = "iPhone Developer";
				COPY_PHASE_STRIP = NO;
				DEBUG_INFORMATION_FORMAT = "dwarf-with-dsym";
				ENABLE_STRICT_OBJC_MSGSEND = YES;
				GCC_C_LANGUAGE_STANDARD = gnu99;
				GCC_DYNAMIC_NO_PIC = NO;
				GCC_NO_COMMON_BLOCKS = YES;
				GCC_OPTIMIZATION_LEVEL = 0;
				GCC_PREPROCESSOR_DEFINITIONS = (
					"DEBUG=1",
					"$(inherited)",
				);
				GCC_SYMBOLS_PRIVATE_EXTERN = NO;
				GCC_WARN_64_TO_32_BIT_CONVERSION = YES;
				GCC_WARN_ABOUT_RETURN_TYPE = YES_ERROR;
				GCC_WARN_UNDECLARED_SELECTOR = YES;
				GCC_WARN_UNINITIALIZED_AUTOS = YES_AGGRESSIVE;
				GCC_WARN_UNUSED_FUNCTION = YES;
				GCC_WARN_UNUSED_VARIABLE = YES;
				IPHONEOS_DEPLOYMENT_TARGET = 8.4;
				MTL_ENABLE_DEBUG_INFO = YES;
				ONLY_ACTIVE_ARCH = YES;
				SDKROOT = iphoneos;
				SWIFT_OPTIMIZATION_LEVEL = "-Onone";
				TARGETED_DEVICE_FAMILY = "1,2";
			};
			name = Debug;
		};
		A478624E1B55596500DEDAF8 /* Release */ = {
			isa = XCBuildConfiguration;
			buildSettings = {
				ALWAYS_SEARCH_USER_PATHS = NO;
				CLANG_CXX_LANGUAGE_STANDARD = "gnu++0x";
				CLANG_CXX_LIBRARY = "libc++";
				CLANG_ENABLE_MODULES = YES;
				CLANG_ENABLE_OBJC_ARC = YES;
				CLANG_WARN_BOOL_CONVERSION = YES;
				CLANG_WARN_CONSTANT_CONVERSION = YES;
				CLANG_WARN_DIRECT_OBJC_ISA_USAGE = YES_ERROR;
				CLANG_WARN_EMPTY_BODY = YES;
				CLANG_WARN_ENUM_CONVERSION = YES;
				CLANG_WARN_INT_CONVERSION = YES;
				CLANG_WARN_OBJC_ROOT_CLASS = YES_ERROR;
				CLANG_WARN_UNREACHABLE_CODE = YES;
				CLANG_WARN__DUPLICATE_METHOD_MATCH = YES;
				"CODE_SIGN_IDENTITY[sdk=iphoneos*]" = "iPhone Developer";
				COPY_PHASE_STRIP = NO;
				DEBUG_INFORMATION_FORMAT = "dwarf-with-dsym";
				ENABLE_NS_ASSERTIONS = NO;
				ENABLE_STRICT_OBJC_MSGSEND = YES;
				GCC_C_LANGUAGE_STANDARD = gnu99;
				GCC_NO_COMMON_BLOCKS = YES;
				GCC_WARN_64_TO_32_BIT_CONVERSION = YES;
				GCC_WARN_ABOUT_RETURN_TYPE = YES_ERROR;
				GCC_WARN_UNDECLARED_SELECTOR = YES;
				GCC_WARN_UNINITIALIZED_AUTOS = YES_AGGRESSIVE;
				GCC_WARN_UNUSED_FUNCTION = YES;
				GCC_WARN_UNUSED_VARIABLE = YES;
				IPHONEOS_DEPLOYMENT_TARGET = 8.4;
				MTL_ENABLE_DEBUG_INFO = NO;
				SDKROOT = iphoneos;
				TARGETED_DEVICE_FAMILY = "1,2";
				VALIDATE_PRODUCT = YES;
			};
			name = Release;
		};
		A47862501B55596500DEDAF8 /* Debug */ = {
			isa = XCBuildConfiguration;
			buildSettings = {
				ASSETCATALOG_COMPILER_APPICON_NAME = AppIcon;
				INFOPLIST_FILE = Echo/Info.plist;
				IPHONEOS_DEPLOYMENT_TARGET = 8.0;
				LD_RUNPATH_SEARCH_PATHS = "$(inherited) @executable_path/Frameworks";
				PRODUCT_NAME = "$(TARGET_NAME)";
			};
			name = Debug;
		};
		A47862511B55596500DEDAF8 /* Release */ = {
			isa = XCBuildConfiguration;
			buildSettings = {
				ASSETCATALOG_COMPILER_APPICON_NAME = AppIcon;
				INFOPLIST_FILE = Echo/Info.plist;
				IPHONEOS_DEPLOYMENT_TARGET = 8.0;
				LD_RUNPATH_SEARCH_PATHS = "$(inherited) @executable_path/Frameworks";
				PRODUCT_NAME = "$(TARGET_NAME)";
			};
			name = Release;
		};
		A47862531B55596500DEDAF8 /* Debug */ = {
			isa = XCBuildConfiguration;
			buildSettings = {
				BUNDLE_LOADER = "$(TEST_HOST)";
				FRAMEWORK_SEARCH_PATHS = (
					"$(SDKROOT)/Developer/Library/Frameworks",
					"$(inherited)",
				);
				GCC_PREPROCESSOR_DEFINITIONS = (
					"DEBUG=1",
					"$(inherited)",
				);
				INFOPLIST_FILE = EchoTests/Info.plist;
				LD_RUNPATH_SEARCH_PATHS = "$(inherited) @executable_path/Frameworks @loader_path/Frameworks";
				PRODUCT_NAME = "$(TARGET_NAME)";
				TEST_HOST = "$(BUILT_PRODUCTS_DIR)/Echo.app/Echo";
			};
			name = Debug;
		};
		A47862541B55596500DEDAF8 /* Release */ = {
			isa = XCBuildConfiguration;
			buildSettings = {
				BUNDLE_LOADER = "$(TEST_HOST)";
				FRAMEWORK_SEARCH_PATHS = (
					"$(SDKROOT)/Developer/Library/Frameworks",
					"$(inherited)",
				);
				INFOPLIST_FILE = EchoTests/Info.plist;
				LD_RUNPATH_SEARCH_PATHS = "$(inherited) @executable_path/Frameworks @loader_path/Frameworks";
				PRODUCT_NAME = "$(TARGET_NAME)";
				TEST_HOST = "$(BUILT_PRODUCTS_DIR)/Echo.app/Echo";
			};
			name = Release;
		};
/* End XCBuildConfiguration section */

/* Begin XCConfigurationList section */
		A478622B1B55596500DEDAF8 /* Build configuration list for PBXProject "Echo" */ = {
			isa = XCConfigurationList;
			buildConfigurations = (
				A478624D1B55596500DEDAF8 /* Debug */,
				A478624E1B55596500DEDAF8 /* Release */,
			);
			defaultConfigurationIsVisible = 0;
			defaultConfigurationName = Release;
		};
		A478624F1B55596500DEDAF8 /* Build configuration list for PBXNativeTarget "Echo" */ = {
			isa = XCConfigurationList;
			buildConfigurations = (
				A47862501B55596500DEDAF8 /* Debug */,
				A47862511B55596500DEDAF8 /* Release */,
			);
			defaultConfigurationIsVisible = 0;
			defaultConfigurationName = Release;
		};
		A47862521B55596500DEDAF8 /* Build configuration list for PBXNativeTarget "EchoTests" */ = {
			isa = XCConfigurationList;
			buildConfigurations = (
				A47862531B55596500DEDAF8 /* Debug */,
				A47862541B55596500DEDAF8 /* Release */,
			);
			defaultConfigurationIsVisible = 0;
			defaultConfigurationName = Release;
		};
/* End XCConfigurationList section */
	};
	rootObject = A47862281B55596500DEDAF8 /* Project object */;
}
